
Microsoft Visual Studio Solution File, Format Version 12.00
# Visual Studio 14
VisualStudioVersion = 14.0.25123.0
MinimumVisualStudioVersion = 10.0.40219.1
Project("{FAE04EC0-301F-11D3-BF4B-00C04F79EFBC}") = "Compiler", "Compiler\Compiler.csproj", "{86912F66-194F-406E-B122-867772BD5345}"
EndProject
Project("{FAE04EC0-301F-11D3-BF4B-00C04F79EFBC}") = "Compiler.Test", "Compiler.Test\Compiler.Test.csproj", "{28DB4D56-FBC3-42DB-AE29-BF4F7E527518}"
EndProject
Global
	GlobalSection(SolutionConfigurationPlatforms) = preSolution
		Debug|Any CPU = Debug|Any CPU
		Release|Any CPU = Release|Any CPU
	EndGlobalSection
	GlobalSection(ProjectConfigurationPlatforms) = postSolution
		{86912F66-194F-406E-B122-867772BD5345}.Debug|Any CPU.ActiveCfg = Debug|Any CPU
		{86912F66-194F-406E-B122-867772BD5345}.Debug|Any CPU.Build.0 = Debug|Any CPU
		{86912F66-194F-406E-B122-867772BD5345}.Release|Any CPU.ActiveCfg = Release|Any CPU
		{86912F66-194F-406E-B122-867772BD5345}.Release|Any CPU.Build.0 = Release|Any CPU
		{28DB4D56-FBC3-42DB-AE29-BF4F7E527518}.Debug|Any CPU.ActiveCfg = Debug|Any CPU
		{28DB4D56-FBC3-42DB-AE29-BF4F7E527518}.Debug|Any CPU.Build.0 = Debug|Any CPU
		{28DB4D56-FBC3-42DB-AE29-BF4F7E527518}.Release|Any CPU.ActiveCfg = Release|Any CPU
		{28DB4D56-FBC3-42DB-AE29-BF4F7E527518}.Release|Any CPU.Build.0 = Release|Any CPU
	EndGlobalSection
	GlobalSection(SolutionProperties) = preSolution
		HideSolutionNode = FALSE
	EndGlobalSection
EndGlobal
